
Microsoft Visual Studio Solution File, Format Version 12.00
# Visual Studio Version 17
VisualStudioVersion = 17.5.002.0
MinimumVisualStudioVersion = 10.0.40219.1
Project("{9A19103F-16F7-4668-BE54-9A1E7A4F7556}") = "DiarioPersonal", "DiarioPersonal\DiarioPersonal.csproj", "{C7DB82F4-EDFB-4BD5-8E74-DD3F4219B0B7}"
EndProject
Global
	GlobalSection(SolutionConfigurationPlatforms) = preSolution
		Debug|Any CPU = Debug|Any CPU
		Release|Any CPU = Release|Any CPU
	EndGlobalSection
	GlobalSection(ProjectConfigurationPlatforms) = postSolution
		{C7DB82F4-EDFB-4BD5-8E74-DD3F4219B0B7}.Debug|Any CPU.ActiveCfg = Debug|Any CPU
		{C7DB82F4-EDFB-4BD5-8E74-DD3F4219B0B7}.Debug|Any CPU.Build.0 = Debug|Any CPU
		{C7DB82F4-EDFB-4BD5-8E74-DD3F4219B0B7}.Release|Any CPU.ActiveCfg = Release|Any CPU
		{C7DB82F4-EDFB-4BD5-8E74-DD3F4219B0B7}.Release|Any CPU.Build.0 = Release|Any CPU
	EndGlobalSection
	GlobalSection(SolutionProperties) = preSolution
		HideSolutionNode = FALSE
	EndGlobalSection
	GlobalSection(ExtensibilityGlobals) = postSolution
		SolutionGuid = {DBF5C893-E973-4FC6-9B65-CEC9BB06C65A}
	EndGlobalSection
EndGlobal
